
Microsoft Visual Studio Solution File, Format Version 12.00
# Visual Studio Version 17
VisualStudioVersion = 17.0.31903.59
MinimumVisualStudioVersion = 10.0.40219.1
Project("{FAE04EC0-301F-11D3-BF4B-00C04F79EFBC}") = "DataService", "DataService\DataService.csproj", "{17779FE2-09C4-4673-829F-4E9DE6DA5AD3}"
EndProject
Project("{FAE04EC0-301F-11D3-BF4B-00C04F79EFBC}") = "WebService", "WebService\WebService.csproj", "{49B4E508-49DC-4F55-A82A-3576981395FD}"
EndProject
EndProject
Global
	GlobalSection(SolutionConfigurationPlatforms) = preSolution
		Debug|Any CPU = Debug|Any CPU
		Debug|x64 = Debug|x64
		Debug|x86 = Debug|x86
		Release|Any CPU = Release|Any CPU
		Release|x64 = Release|x64
		Release|x86 = Release|x86
	EndGlobalSection
	GlobalSection(ProjectConfigurationPlatforms) = postSolution
		{17779FE2-09C4-4673-829F-4E9DE6DA5AD3}.Debug|Any CPU.ActiveCfg = Debug|Any CPU
		{17779FE2-09C4-4673-829F-4E9DE6DA5AD3}.Debug|Any CPU.Build.0 = Debug|Any CPU
		{17779FE2-09C4-4673-829F-4E9DE6DA5AD3}.Debug|x64.ActiveCfg = Debug|Any CPU
		{17779FE2-09C4-4673-829F-4E9DE6DA5AD3}.Debug|x64.Build.0 = Debug|Any CPU
		{17779FE2-09C4-4673-829F-4E9DE6DA5AD3}.Debug|x86.ActiveCfg = Debug|Any CPU
		{17779FE2-09C4-4673-829F-4E9DE6DA5AD3}.Debug|x86.Build.0 = Debug|Any CPU
		{17779FE2-09C4-4673-829F-4E9DE6DA5AD3}.Release|Any CPU.ActiveCfg = Release|Any CPU
		{17779FE2-09C4-4673-829F-4E9DE6DA5AD3}.Release|Any CPU.Build.0 = Release|Any CPU
		{17779FE2-09C4-4673-829F-4E9DE6DA5AD3}.Release|x64.ActiveCfg = Release|Any CPU
		{17779FE2-09C4-4673-829F-4E9DE6DA5AD3}.Release|x64.Build.0 = Release|Any CPU
		{17779FE2-09C4-4673-829F-4E9DE6DA5AD3}.Release|x86.ActiveCfg = Release|Any CPU
		{17779FE2-09C4-4673-829F-4E9DE6DA5AD3}.Release|x86.Build.0 = Release|Any CPU
		{49B4E508-49DC-4F55-A82A-3576981395FD}.Debug|Any CPU.ActiveCfg = Debug|Any CPU
		{49B4E508-49DC-4F55-A82A-3576981395FD}.Debug|Any CPU.Build.0 = Debug|Any CPU
		{49B4E508-49DC-4F55-A82A-3576981395FD}.Debug|x64.ActiveCfg = Debug|Any CPU
		{49B4E508-49DC-4F55-A82A-3576981395FD}.Debug|x64.Build.0 = Debug|Any CPU
		{49B4E508-49DC-4F55-A82A-3576981395FD}.Debug|x86.ActiveCfg = Debug|Any CPU
		{49B4E508-49DC-4F55-A82A-3576981395FD}.Debug|x86.Build.0 = Debug|Any CPU
		{49B4E508-49DC-4F55-A82A-3576981395FD}.Release|Any CPU.ActiveCfg = Release|Any CPU
		{49B4E508-49DC-4F55-A82A-3576981395FD}.Release|Any CPU.Build.0 = Release|Any CPU
		{49B4E508-49DC-4F55-A82A-3576981395FD}.Release|x64.ActiveCfg = Release|Any CPU
		{49B4E508-49DC-4F55-A82A-3576981395FD}.Release|x64.Build.0 = Release|Any CPU
		{49B4E508-49DC-4F55-A82A-3576981395FD}.Release|x86.ActiveCfg = Release|Any CPU
		{49B4E508-49DC-4F55-A82A-3576981395FD}.Release|x86.Build.0 = Release|Any CPU
		{BFF67574-A7C8-4230-8B5D-81FFD90D5026}.Debug|Any CPU.ActiveCfg = Debug|Any CPU
		{BFF67574-A7C8-4230-8B5D-81FFD90D5026}.Debug|Any CPU.Build.0 = Debug|Any CPU
		{BFF67574-A7C8-4230-8B5D-81FFD90D5026}.Debug|x64.ActiveCfg = Debug|Any CPU
		{BFF67574-A7C8-4230-8B5D-81FFD90D5026}.Debug|x64.Build.0 = Debug|Any CPU
		{BFF67574-A7C8-4230-8B5D-81FFD90D5026}.Debug|x86.ActiveCfg = Debug|Any CPU
		{BFF67574-A7C8-4230-8B5D-81FFD90D5026}.Debug|x86.Build.0 = Debug|Any CPU
		{BFF67574-A7C8-4230-8B5D-81FFD90D5026}.Release|Any CPU.ActiveCfg = Release|Any CPU
		{BFF67574-A7C8-4230-8B5D-81FFD90D5026}.Release|Any CPU.Build.0 = Release|Any CPU
		{BFF67574-A7C8-4230-8B5D-81FFD90D5026}.Release|x64.ActiveCfg = Release|Any CPU
		{BFF67574-A7C8-4230-8B5D-81FFD90D5026}.Release|x64.Build.0 = Release|Any CPU
		{BFF67574-A7C8-4230-8B5D-81FFD90D5026}.Release|x86.ActiveCfg = Release|Any CPU
		{BFF67574-A7C8-4230-8B5D-81FFD90D5026}.Release|x86.Build.0 = Release|Any CPU
	EndGlobalSection
	GlobalSection(SolutionProperties) = preSolution
		HideSolutionNode = FALSE
	EndGlobalSection
EndGlobal
